
Microsoft Visual Studio Solution File, Format Version 12.00
# Visual Studio Version 17
VisualStudioVersion = 17.0.32112.339
MinimumVisualStudioVersion = 10.0.40219.1
Project("{9A19103F-16F7-4668-BE54-9A1E7A4F7556}") = "TicketMicroService", "AndreAirLinesMongo\TicketMicroService.csproj", "{CA780C24-DFAD-4B09-9089-E9BD75E454B4}"
EndProject
Project("{9A19103F-16F7-4668-BE54-9A1E7A4F7556}") = "PassengerMicroService", "Passenger\PassengerMicroService.csproj", "{18D4DAA4-2431-4F13-A82B-FC42A25B0DAB}"
EndProject
Project("{9A19103F-16F7-4668-BE54-9A1E7A4F7556}") = "FlightMicroService", "Flight\FlightMicroService.csproj", "{46A91A85-660E-4344-9C44-2F1C76EC9D7C}"
EndProject
Project("{9A19103F-16F7-4668-BE54-9A1E7A4F7556}") = "AirportMicroService", "Airport\AirportMicroService.csproj", "{19B71171-7540-497B-A320-19638299BF2B}"
EndProject
Project("{9A19103F-16F7-4668-BE54-9A1E7A4F7556}") = "AircraftMicroService", "Aircraft\AircraftMicroService.csproj", "{8FF4028A-5EAC-4212-8239-2A071C894B3B}"
EndProject
Project("{9A19103F-16F7-4668-BE54-9A1E7A4F7556}") = "BasePriceMicroService", "BasePrice\BasePriceMicroService.csproj", "{A167B005-BEB0-453D-8FB4-7629C0699C3C}"
EndProject
Project("{9A19103F-16F7-4668-BE54-9A1E7A4F7556}") = "Model", "Model\Model.csproj", "{4D9711AB-BC0A-4938-8AE5-364B825FF252}"
EndProject
Project("{2150E333-8FDC-42A3-9474-1A3956D46DE8}") = "MicroServices", "MicroServices", "{14D51965-19FF-41FB-80F5-B9ABA44C64B3}"
EndProject
Project("{2150E333-8FDC-42A3-9474-1A3956D46DE8}") = "Models", "Models", "{44068B71-B9EE-4C3C-B4BB-A496F8209CF0}"
EndProject
Project("{2150E333-8FDC-42A3-9474-1A3956D46DE8}") = "Services", "Services", "{00222824-9EDC-41F5-B5C9-F4BCE68DAB0B}"
EndProject
Project("{9A19103F-16F7-4668-BE54-9A1E7A4F7556}") = "Services", "Services\Services.csproj", "{5F6F86A1-A7E9-4205-A60E-19C726A0F656}"
EndProject
Project("{FAE04EC0-301F-11D3-BF4B-00C04F79EFBC}") = "RobotSQL", "RobotSQL\RobotSQL.csproj", "{6E00F8B4-3EEE-486C-BD64-F02E42ABD859}"
EndProject
Global
	GlobalSection(SolutionConfigurationPlatforms) = preSolution
		Debug|Any CPU = Debug|Any CPU
		Release|Any CPU = Release|Any CPU
	EndGlobalSection
	GlobalSection(ProjectConfigurationPlatforms) = postSolution
		{CA780C24-DFAD-4B09-9089-E9BD75E454B4}.Debug|Any CPU.ActiveCfg = Debug|Any CPU
		{CA780C24-DFAD-4B09-9089-E9BD75E454B4}.Debug|Any CPU.Build.0 = Debug|Any CPU
		{CA780C24-DFAD-4B09-9089-E9BD75E454B4}.Release|Any CPU.ActiveCfg = Release|Any CPU
		{CA780C24-DFAD-4B09-9089-E9BD75E454B4}.Release|Any CPU.Build.0 = Release|Any CPU
		{18D4DAA4-2431-4F13-A82B-FC42A25B0DAB}.Debug|Any CPU.ActiveCfg = Debug|Any CPU
		{18D4DAA4-2431-4F13-A82B-FC42A25B0DAB}.Debug|Any CPU.Build.0 = Debug|Any CPU
		{18D4DAA4-2431-4F13-A82B-FC42A25B0DAB}.Release|Any CPU.ActiveCfg = Release|Any CPU
		{18D4DAA4-2431-4F13-A82B-FC42A25B0DAB}.Release|Any CPU.Build.0 = Release|Any CPU
		{46A91A85-660E-4344-9C44-2F1C76EC9D7C}.Debug|Any CPU.ActiveCfg = Debug|Any CPU
		{46A91A85-660E-4344-9C44-2F1C76EC9D7C}.Debug|Any CPU.Build.0 = Debug|Any CPU
		{46A91A85-660E-4344-9C44-2F1C76EC9D7C}.Release|Any CPU.ActiveCfg = Release|Any CPU
		{46A91A85-660E-4344-9C44-2F1C76EC9D7C}.Release|Any CPU.Build.0 = Release|Any CPU
		{19B71171-7540-497B-A320-19638299BF2B}.Debug|Any CPU.ActiveCfg = Debug|Any CPU
		{19B71171-7540-497B-A320-19638299BF2B}.Debug|Any CPU.Build.0 = Debug|Any CPU
		{19B71171-7540-497B-A320-19638299BF2B}.Release|Any CPU.ActiveCfg = Release|Any CPU
		{19B71171-7540-497B-A320-19638299BF2B}.Release|Any CPU.Build.0 = Release|Any CPU
		{8FF4028A-5EAC-4212-8239-2A071C894B3B}.Debug|Any CPU.ActiveCfg = Debug|Any CPU
		{8FF4028A-5EAC-4212-8239-2A071C894B3B}.Debug|Any CPU.Build.0 = Debug|Any CPU
		{8FF4028A-5EAC-4212-8239-2A071C894B3B}.Release|Any CPU.ActiveCfg = Release|Any CPU
		{8FF4028A-5EAC-4212-8239-2A071C894B3B}.Release|Any CPU.Build.0 = Release|Any CPU
		{A167B005-BEB0-453D-8FB4-7629C0699C3C}.Debug|Any CPU.ActiveCfg = Debug|Any CPU
		{A167B005-BEB0-453D-8FB4-7629C0699C3C}.Debug|Any CPU.Build.0 = Debug|Any CPU
		{A167B005-BEB0-453D-8FB4-7629C0699C3C}.Release|Any CPU.ActiveCfg = Release|Any CPU
		{A167B005-BEB0-453D-8FB4-7629C0699C3C}.Release|Any CPU.Build.0 = Release|Any CPU
		{4D9711AB-BC0A-4938-8AE5-364B825FF252}.Debug|Any CPU.ActiveCfg = Debug|Any CPU
		{4D9711AB-BC0A-4938-8AE5-364B825FF252}.Debug|Any CPU.Build.0 = Debug|Any CPU
		{4D9711AB-BC0A-4938-8AE5-364B825FF252}.Release|Any CPU.ActiveCfg = Release|Any CPU
		{4D9711AB-BC0A-4938-8AE5-364B825FF252}.Release|Any CPU.Build.0 = Release|Any CPU
		{5F6F86A1-A7E9-4205-A60E-19C726A0F656}.Debug|Any CPU.ActiveCfg = Debug|Any CPU
		{5F6F86A1-A7E9-4205-A60E-19C726A0F656}.Debug|Any CPU.Build.0 = Debug|Any CPU
		{5F6F86A1-A7E9-4205-A60E-19C726A0F656}.Release|Any CPU.ActiveCfg = Release|Any CPU
		{5F6F86A1-A7E9-4205-A60E-19C726A0F656}.Release|Any CPU.Build.0 = Release|Any CPU
		{6E00F8B4-3EEE-486C-BD64-F02E42ABD859}.Debug|Any CPU.ActiveCfg = Debug|Any CPU
		{6E00F8B4-3EEE-486C-BD64-F02E42ABD859}.Debug|Any CPU.Build.0 = Debug|Any CPU
		{6E00F8B4-3EEE-486C-BD64-F02E42ABD859}.Release|Any CPU.ActiveCfg = Release|Any CPU
		{6E00F8B4-3EEE-486C-BD64-F02E42ABD859}.Release|Any CPU.Build.0 = Release|Any CPU
	EndGlobalSection
	GlobalSection(SolutionProperties) = preSolution
		HideSolutionNode = FALSE
	EndGlobalSection
	GlobalSection(NestedProjects) = preSolution
		{CA780C24-DFAD-4B09-9089-E9BD75E454B4} = {14D51965-19FF-41FB-80F5-B9ABA44C64B3}
		{18D4DAA4-2431-4F13-A82B-FC42A25B0DAB} = {14D51965-19FF-41FB-80F5-B9ABA44C64B3}
		{46A91A85-660E-4344-9C44-2F1C76EC9D7C} = {14D51965-19FF-41FB-80F5-B9ABA44C64B3}
		{19B71171-7540-497B-A320-19638299BF2B} = {14D51965-19FF-41FB-80F5-B9ABA44C64B3}
		{8FF4028A-5EAC-4212-8239-2A071C894B3B} = {14D51965-19FF-41FB-80F5-B9ABA44C64B3}
		{A167B005-BEB0-453D-8FB4-7629C0699C3C} = {14D51965-19FF-41FB-80F5-B9ABA44C64B3}
		{4D9711AB-BC0A-4938-8AE5-364B825FF252} = {44068B71-B9EE-4C3C-B4BB-A496F8209CF0}
		{5F6F86A1-A7E9-4205-A60E-19C726A0F656} = {00222824-9EDC-41F5-B5C9-F4BCE68DAB0B}
		{6E00F8B4-3EEE-486C-BD64-F02E42ABD859} = {00222824-9EDC-41F5-B5C9-F4BCE68DAB0B}
	EndGlobalSection
	GlobalSection(ExtensibilityGlobals) = postSolution
		SolutionGuid = {7F26E25C-5334-4C95-B8CE-10EEE9238FA5}
	EndGlobalSection
EndGlobal
